
Microsoft Visual Studio Solution File, Format Version 12.00
# Visual Studio Version 17
VisualStudioVersion = 17.7.34003.232
MinimumVisualStudioVersion = 10.0.40219.1
Project("{FAE04EC0-301F-11D3-BF4B-00C04F79EFBC}") = "Rajor_Project_mvc", "Rajor_Project_mvc\Rajor_Project_mvc.csproj", "{7F9123A6-D8C4-4A4F-A772-827F34D7FAA6}"
EndProject
Global
	GlobalSection(SolutionConfigurationPlatforms) = preSolution
		Debug|Any CPU = Debug|Any CPU
		Release|Any CPU = Release|Any CPU
	EndGlobalSection
	GlobalSection(ProjectConfigurationPlatforms) = postSolution
		{7F9123A6-D8C4-4A4F-A772-827F34D7FAA6}.Debug|Any CPU.ActiveCfg = Debug|Any CPU
		{7F9123A6-D8C4-4A4F-A772-827F34D7FAA6}.Debug|Any CPU.Build.0 = Debug|Any CPU
		{7F9123A6-D8C4-4A4F-A772-827F34D7FAA6}.Release|Any CPU.ActiveCfg = Release|Any CPU
		{7F9123A6-D8C4-4A4F-A772-827F34D7FAA6}.Release|Any CPU.Build.0 = Release|Any CPU
	EndGlobalSection
	GlobalSection(SolutionProperties) = preSolution
		HideSolutionNode = FALSE
	EndGlobalSection
	GlobalSection(ExtensibilityGlobals) = postSolution
		SolutionGuid = {6D84E1D3-F527-46A7-96F1-42EC2A594D02}
	EndGlobalSection
EndGlobal
